// !$*UTF8*$!
{
	archiveVersion = 1;
	classes = {
	};
	objectVersion = 56;
	objects = {

/* Begin PBXBuildFile section */
		6480FB3F65EFDA552A6006E8 /* Pods_EasyRoutes_NSW.framework in Frameworks */ = {isa = PBXBuildFile; fileRef = B712C4D036D7F95D2CC6B72A /* Pods_EasyRoutes_NSW.framework */; };
		EE0E27052ADA4663001FA12F /* AppSettings.swift in Sources */ = {isa = PBXBuildFile; fileRef = EE0E27042ADA4663001FA12F /* AppSettings.swift */; };
		EE3EBEAC2ACFB964008FBDAA /* EasyRoutes_NSWApp.swift in Sources */ = {isa = PBXBuildFile; fileRef = EE3EBEAB2ACFB964008FBDAA /* EasyRoutes_NSWApp.swift */; };
		EE3EBEAE2ACFB964008FBDAA /* TripPlanningView.swift in Sources */ = {isa = PBXBuildFile; fileRef = EE3EBEAD2ACFB964008FBDAA /* TripPlanningView.swift */; };
		EE3EBEB02ACFB965008FBDAA /* Assets.xcassets in Resources */ = {isa = PBXBuildFile; fileRef = EE3EBEAF2ACFB965008FBDAA /* Assets.xcassets */; };
		EE3EBEB32ACFB965008FBDAA /* Preview Assets.xcassets in Resources */ = {isa = PBXBuildFile; fileRef = EE3EBEB22ACFB965008FBDAA /* Preview Assets.xcassets */; };
		EE3EBEB52ACFB965008FBDAA /* Persistence.swift in Sources */ = {isa = PBXBuildFile; fileRef = EE3EBEB42ACFB965008FBDAA /* Persistence.swift */; };
		EE3EBEB82ACFB965008FBDAA /* EasyRoutes_NSW.xcdatamodeld in Sources */ = {isa = PBXBuildFile; fileRef = EE3EBEB62ACFB965008FBDAA /* EasyRoutes_NSW.xcdatamodeld */; };
		EE8F63E12ACFDE09008A36A2 /* MainView.swift in Sources */ = {isa = PBXBuildFile; fileRef = EE8F63E02ACFDE09008A36A2 /* MainView.swift */; };
		EE8F63E32ACFDE3F008A36A2 /* MapView.swift in Sources */ = {isa = PBXBuildFile; fileRef = EE8F63E22ACFDE3F008A36A2 /* MapView.swift */; };
		EE8F63E52ACFDE58008A36A2 /* SettingView.swift in Sources */ = {isa = PBXBuildFile; fileRef = EE8F63E42ACFDE58008A36A2 /* SettingView.swift */; };
		EE8F63E92ACFE166008A36A2 /* MapViewModel.swift in Sources */ = {isa = PBXBuildFile; fileRef = EE8F63E82ACFE166008A36A2 /* MapViewModel.swift */; };
		EE8F63EB2ACFE35D008A36A2 /* HistoryRoutesView.swift in Sources */ = {isa = PBXBuildFile; fileRef = EE8F63EA2ACFE35D008A36A2 /* HistoryRoutesView.swift */; };
		EE8F63ED2AD0465D008A36A2 /* TripPlanningViewModel.swift in Sources */ = {isa = PBXBuildFile; fileRef = EE8F63EC2AD0465D008A36A2 /* TripPlanningViewModel.swift */; };
		EE8F63EF2AD39B1D008A36A2 /* GoogleMapServiceManager.swift in Sources */ = {isa = PBXBuildFile; fileRef = EE8F63EE2AD39B1D008A36A2 /* GoogleMapServiceManager.swift */; };
		EE8F63F12AD3A351008A36A2 /* Route.swift in Sources */ = {isa = PBXBuildFile; fileRef = EE8F63F02AD3A351008A36A2 /* Route.swift */; };
		EE8F63F32AD3B06C008A36A2 /* SensitiveInfo.swift in Sources */ = {isa = PBXBuildFile; fileRef = EE8F63F22AD3B06C008A36A2 /* SensitiveInfo.swift */; };
		EE8F63F52AD3CA59008A36A2 /* JasonTest.json in Resources */ = {isa = PBXBuildFile; fileRef = EE8F63F42AD3CA59008A36A2 /* JasonTest.json */; };
		EE8F63F72AD44D6A008A36A2 /* TransitionDetailView.swift in Sources */ = {isa = PBXBuildFile; fileRef = EE8F63F62AD44D6A008A36A2 /* TransitionDetailView.swift */; };
		EE8F63F92AD4548E008A36A2 /* RouteRecord.swift in Sources */ = {isa = PBXBuildFile; fileRef = EE8F63F82AD4548E008A36A2 /* RouteRecord.swift */; };
		EE8F63FB2AD50200008A36A2 /* TransitDetailViewModel.swift in Sources */ = {isa = PBXBuildFile; fileRef = EE8F63FA2AD50200008A36A2 /* TransitDetailViewModel.swift */; };
		EE8F63FF2AD50A25008A36A2 /* .gitignore in Resources */ = {isa = PBXBuildFile; fileRef = EE8F63FE2AD50A25008A36A2 /* .gitignore */; };
		EE8F64032AD53CA2008A36A2 /* UserLocationManager.swift in Sources */ = {isa = PBXBuildFile; fileRef = EE8F64022AD53CA2008A36A2 /* UserLocationManager.swift */; };
		EE8F640A2AD5934D008A36A2 /* StopAnnotation.swift in Sources */ = {isa = PBXBuildFile; fileRef = EE8F64092AD5934D008A36A2 /* StopAnnotation.swift */; };
		EE8F640C2AD59879008A36A2 /* StopAnnotationDetailView.swift in Sources */ = {isa = PBXBuildFile; fileRef = EE8F640B2AD59879008A36A2 /* StopAnnotationDetailView.swift */; };
		EEB11BBF2AD78B3700802F7E /* StopAnnotationDetailViewModel.swift in Sources */ = {isa = PBXBuildFile; fileRef = EEB11BBE2AD78B3700802F7E /* StopAnnotationDetailViewModel.swift */; };
		EEB11BC32AD8C83300802F7E /* HistoryRouteViewModel.swift in Sources */ = {isa = PBXBuildFile; fileRef = EEB11BC22AD8C83300802F7E /* HistoryRouteViewModel.swift */; };
/* End PBXBuildFile section */

/* Begin PBXContainerItemProxy section */
		EE3EBEBF2ACFB965008FBDAA /* PBXContainerItemProxy */ = {
			isa = PBXContainerItemProxy;
			containerPortal = EE3EBEA02ACFB964008FBDAA /* Project object */;
			proxyType = 1;
			remoteGlobalIDString = EE3EBEA72ACFB964008FBDAA;
			remoteInfo = "EasyRoutes NSW";
		};
		EE3EBEC92ACFB965008FBDAA /* PBXContainerItemProxy */ = {
			isa = PBXContainerItemProxy;
			containerPortal = EE3EBEA02ACFB964008FBDAA /* Project object */;
			proxyType = 1;
			remoteGlobalIDString = EE3EBEA72ACFB964008FBDAA;
			remoteInfo = "EasyRoutes NSW";
		};
/* End PBXContainerItemProxy section */

/* Begin PBXFileReference section */
		353BB033B2F3D788BFD7AA32 /* Pods-EasyRoutes NSW.debug.xcconfig */ = {isa = PBXFileReference; includeInIndex = 1; lastKnownFileType = text.xcconfig; name = "Pods-EasyRoutes NSW.debug.xcconfig"; path = "Target Support Files/Pods-EasyRoutes NSW/Pods-EasyRoutes NSW.debug.xcconfig"; sourceTree = "<group>"; };
		912BF7FCE317CF0D1E792BDF /* Pods-EasyRoutes NSW.release.xcconfig */ = {isa = PBXFileReference; includeInIndex = 1; lastKnownFileType = text.xcconfig; name = "Pods-EasyRoutes NSW.release.xcconfig"; path = "Target Support Files/Pods-EasyRoutes NSW/Pods-EasyRoutes NSW.release.xcconfig"; sourceTree = "<group>"; };
		B712C4D036D7F95D2CC6B72A /* Pods_EasyRoutes_NSW.framework */ = {isa = PBXFileReference; explicitFileType = wrapper.framework; includeInIndex = 0; path = Pods_EasyRoutes_NSW.framework; sourceTree = BUILT_PRODUCTS_DIR; };
		EE0E27042ADA4663001FA12F /* AppSettings.swift */ = {isa = PBXFileReference; lastKnownFileType = sourcecode.swift; path = AppSettings.swift; sourceTree = "<group>"; };
		EE3EBEA82ACFB964008FBDAA /* EasyRoutes NSW.app */ = {isa = PBXFileReference; explicitFileType = wrapper.application; includeInIndex = 0; path = "EasyRoutes NSW.app"; sourceTree = BUILT_PRODUCTS_DIR; };
		EE3EBEAB2ACFB964008FBDAA /* EasyRoutes_NSWApp.swift */ = {isa = PBXFileReference; lastKnownFileType = sourcecode.swift; path = EasyRoutes_NSWApp.swift; sourceTree = "<group>"; };
		EE3EBEAD2ACFB964008FBDAA /* TripPlanningView.swift */ = {isa = PBXFileReference; lastKnownFileType = sourcecode.swift; path = TripPlanningView.swift; sourceTree = "<group>"; };
		EE3EBEAF2ACFB965008FBDAA /* Assets.xcassets */ = {isa = PBXFileReference; lastKnownFileType = folder.assetcatalog; path = Assets.xcassets; sourceTree = "<group>"; };
		EE3EBEB22ACFB965008FBDAA /* Preview Assets.xcassets */ = {isa = PBXFileReference; lastKnownFileType = folder.assetcatalog; path = "Preview Assets.xcassets"; sourceTree = "<group>"; };
		EE3EBEB42ACFB965008FBDAA /* Persistence.swift */ = {isa = PBXFileReference; lastKnownFileType = sourcecode.swift; path = Persistence.swift; sourceTree = "<group>"; };
		EE3EBEB72ACFB965008FBDAA /* EasyRoutes_NSW.xcdatamodel */ = {isa = PBXFileReference; lastKnownFileType = wrapper.xcdatamodel; path = EasyRoutes_NSW.xcdatamodel; sourceTree = "<group>"; };
		EE3EBEB92ACFB965008FBDAA /* Info.plist */ = {isa = PBXFileReference; lastKnownFileType = text.plist.xml; path = Info.plist; sourceTree = "<group>"; };
		EE3EBEBE2ACFB965008FBDAA /* EasyRoutes NSWTests.xctest */ = {isa = PBXFileReference; explicitFileType = wrapper.cfbundle; includeInIndex = 0; path = "EasyRoutes NSWTests.xctest"; sourceTree = BUILT_PRODUCTS_DIR; };
		EE3EBEC82ACFB965008FBDAA /* EasyRoutes NSWUITests.xctest */ = {isa = PBXFileReference; explicitFileType = wrapper.cfbundle; includeInIndex = 0; path = "EasyRoutes NSWUITests.xctest"; sourceTree = BUILT_PRODUCTS_DIR; };
		EE3EBEDF2ACFC4C7008FBDAA /* Readme.md */ = {isa = PBXFileReference; lastKnownFileType = net.daringfireball.markdown; path = Readme.md; sourceTree = "<group>"; };
		EE8F63E02ACFDE09008A36A2 /* MainView.swift */ = {isa = PBXFileReference; lastKnownFileType = sourcecode.swift; path = MainView.swift; sourceTree = "<group>"; };
		EE8F63E22ACFDE3F008A36A2 /* MapView.swift */ = {isa = PBXFileReference; lastKnownFileType = sourcecode.swift; path = MapView.swift; sourceTree = "<group>"; };
		EE8F63E42ACFDE58008A36A2 /* SettingView.swift */ = {isa = PBXFileReference; lastKnownFileType = sourcecode.swift; path = SettingView.swift; sourceTree = "<group>"; };
		EE8F63E82ACFE166008A36A2 /* MapViewModel.swift */ = {isa = PBXFileReference; lastKnownFileType = sourcecode.swift; path = MapViewModel.swift; sourceTree = "<group>"; };
		EE8F63EA2ACFE35D008A36A2 /* HistoryRoutesView.swift */ = {isa = PBXFileReference; lastKnownFileType = sourcecode.swift; path = HistoryRoutesView.swift; sourceTree = "<group>"; };
		EE8F63EC2AD0465D008A36A2 /* TripPlanningViewModel.swift */ = {isa = PBXFileReference; lastKnownFileType = sourcecode.swift; path = TripPlanningViewModel.swift; sourceTree = "<group>"; };
		EE8F63EE2AD39B1D008A36A2 /* GoogleMapServiceManager.swift */ = {isa = PBXFileReference; lastKnownFileType = sourcecode.swift; path = GoogleMapServiceManager.swift; sourceTree = "<group>"; };
		EE8F63F02AD3A351008A36A2 /* Route.swift */ = {isa = PBXFileReference; lastKnownFileType = sourcecode.swift; path = Route.swift; sourceTree = "<group>"; };
		EE8F63F22AD3B06C008A36A2 /* SensitiveInfo.swift */ = {isa = PBXFileReference; lastKnownFileType = sourcecode.swift; path = SensitiveInfo.swift; sourceTree = "<group>"; };
		EE8F63F42AD3CA59008A36A2 /* JasonTest.json */ = {isa = PBXFileReference; lastKnownFileType = text.json; path = JasonTest.json; sourceTree = "<group>"; xcLanguageSpecificationIdentifier = xcode.lang.json; };
		EE8F63F62AD44D6A008A36A2 /* TransitionDetailView.swift */ = {isa = PBXFileReference; lastKnownFileType = sourcecode.swift; path = TransitionDetailView.swift; sourceTree = "<group>"; };
		EE8F63F82AD4548E008A36A2 /* RouteRecord.swift */ = {isa = PBXFileReference; lastKnownFileType = sourcecode.swift; path = RouteRecord.swift; sourceTree = "<group>"; };
		EE8F63FA2AD50200008A36A2 /* TransitDetailViewModel.swift */ = {isa = PBXFileReference; lastKnownFileType = sourcecode.swift; path = TransitDetailViewModel.swift; sourceTree = "<group>"; };
		EE8F63FE2AD50A25008A36A2 /* .gitignore */ = {isa = PBXFileReference; lastKnownFileType = text; path = .gitignore; sourceTree = "<group>"; };
		EE8F64022AD53CA2008A36A2 /* UserLocationManager.swift */ = {isa = PBXFileReference; lastKnownFileType = sourcecode.swift; path = UserLocationManager.swift; sourceTree = "<group>"; };
		EE8F64092AD5934D008A36A2 /* StopAnnotation.swift */ = {isa = PBXFileReference; lastKnownFileType = sourcecode.swift; path = StopAnnotation.swift; sourceTree = "<group>"; };
		EE8F640B2AD59879008A36A2 /* StopAnnotationDetailView.swift */ = {isa = PBXFileReference; lastKnownFileType = sourcecode.swift; path = StopAnnotationDetailView.swift; sourceTree = "<group>"; };
		EEB11BBE2AD78B3700802F7E /* StopAnnotationDetailViewModel.swift */ = {isa = PBXFileReference; lastKnownFileType = sourcecode.swift; path = StopAnnotationDetailViewModel.swift; sourceTree = "<group>"; };
		EEB11BC22AD8C83300802F7E /* HistoryRouteViewModel.swift */ = {isa = PBXFileReference; lastKnownFileType = sourcecode.swift; path = HistoryRouteViewModel.swift; sourceTree = "<group>"; };
		EEB11BC42AD90A5C00802F7E /* EasyRoutes NSW.entitlements */ = {isa = PBXFileReference; lastKnownFileType = text.plist.entitlements; path = "EasyRoutes NSW.entitlements"; sourceTree = "<group>"; };
		EEB11BC52AD91B1000802F7E /* EasyRoutes-NSW-Info.plist */ = {isa = PBXFileReference; lastKnownFileType = text.plist; path = "EasyRoutes-NSW-Info.plist"; sourceTree = SOURCE_ROOT; };
/* End PBXFileReference section */

/* Begin PBXFrameworksBuildPhase section */
		EE3EBEA52ACFB964008FBDAA /* Frameworks */ = {
			isa = PBXFrameworksBuildPhase;
			buildActionMask = 2147483647;
			files = (
				6480FB3F65EFDA552A6006E8 /* Pods_EasyRoutes_NSW.framework in Frameworks */,
			);
			runOnlyForDeploymentPostprocessing = 0;
		};
		EE3EBEBB2ACFB965008FBDAA /* Frameworks */ = {
			isa = PBXFrameworksBuildPhase;
			buildActionMask = 2147483647;
			files = (
			);
			runOnlyForDeploymentPostprocessing = 0;
		};
		EE3EBEC52ACFB965008FBDAA /* Frameworks */ = {
			isa = PBXFrameworksBuildPhase;
			buildActionMask = 2147483647;
			files = (
			);
			runOnlyForDeploymentPostprocessing = 0;
		};
/* End PBXFrameworksBuildPhase section */

/* Begin PBXGroup section */
		016B99DFA7AE687B167A3F82 /* Frameworks */ = {
			isa = PBXGroup;
			children = (
				B712C4D036D7F95D2CC6B72A /* Pods_EasyRoutes_NSW.framework */,
			);
			name = Frameworks;
			sourceTree = "<group>";
		};
		5747C57046110865A98CE551 /* Pods */ = {
			isa = PBXGroup;
			children = (
				353BB033B2F3D788BFD7AA32 /* Pods-EasyRoutes NSW.debug.xcconfig */,
				912BF7FCE317CF0D1E792BDF /* Pods-EasyRoutes NSW.release.xcconfig */,
			);
			path = Pods;
			sourceTree = "<group>";
		};
		EE3EBE9F2ACFB964008FBDAA = {
			isa = PBXGroup;
			children = (
				EE3EBEDF2ACFC4C7008FBDAA /* Readme.md */,
				EE8F63FE2AD50A25008A36A2 /* .gitignore */,
				EE3EBEAA2ACFB964008FBDAA /* EasyRoutes NSW */,
				EE3EBEA92ACFB964008FBDAA /* Products */,
				5747C57046110865A98CE551 /* Pods */,
				016B99DFA7AE687B167A3F82 /* Frameworks */,
			);
			sourceTree = "<group>";
		};
		EE3EBEA92ACFB964008FBDAA /* Products */ = {
			isa = PBXGroup;
			children = (
				EE3EBEA82ACFB964008FBDAA /* EasyRoutes NSW.app */,
				EE3EBEBE2ACFB965008FBDAA /* EasyRoutes NSWTests.xctest */,
				EE3EBEC82ACFB965008FBDAA /* EasyRoutes NSWUITests.xctest */,
			);
			name = Products;
			sourceTree = "<group>";
		};
		EE3EBEAA2ACFB964008FBDAA /* EasyRoutes NSW */ = {
			isa = PBXGroup;
			children = (
				EEB11BC52AD91B1000802F7E /* EasyRoutes-NSW-Info.plist */,
				EEB11BC42AD90A5C00802F7E /* EasyRoutes NSW.entitlements */,
				EE3EBEAB2ACFB964008FBDAA /* EasyRoutes_NSWApp.swift */,
				EE3EBEAF2ACFB965008FBDAA /* Assets.xcassets */,
				EE3EBEDB2ACFC326008FBDAA /* Model */,
				EE3EBEDC2ACFC32C008FBDAA /* View */,
				EE3EBEDE2ACFC342008FBDAA /* ViewModel */,
				EE3EBEB92ACFB965008FBDAA /* Info.plist */,
				EE3EBEB42ACFB965008FBDAA /* Persistence.swift */,
				EE3EBEB62ACFB965008FBDAA /* EasyRoutes_NSW.xcdatamodeld */,
				EE3EBEB12ACFB965008FBDAA /* Preview Content */,
			);
			path = "EasyRoutes NSW";
			sourceTree = "<group>";
		};
		EE3EBEB12ACFB965008FBDAA /* Preview Content */ = {
			isa = PBXGroup;
			children = (
				EE3EBEB22ACFB965008FBDAA /* Preview Assets.xcassets */,
			);
			path = "Preview Content";
			sourceTree = "<group>";
		};
		EE3EBEDB2ACFC326008FBDAA /* Model */ = {
			isa = PBXGroup;
			children = (
				EE8F63EE2AD39B1D008A36A2 /* GoogleMapServiceManager.swift */,
				EE8F64022AD53CA2008A36A2 /* UserLocationManager.swift */,
				EE8F63F22AD3B06C008A36A2 /* SensitiveInfo.swift */,
				EE8F63F02AD3A351008A36A2 /* Route.swift */,
				EE8F64092AD5934D008A36A2 /* StopAnnotation.swift */,
				EE8F63F82AD4548E008A36A2 /* RouteRecord.swift */,
				EE0E27042ADA4663001FA12F /* AppSettings.swift */,
				EE8F63F42AD3CA59008A36A2 /* JasonTest.json */,
			);
			path = Model;
			sourceTree = "<group>";
		};
		EE3EBEDC2ACFC32C008FBDAA /* View */ = {
			isa = PBXGroup;
			children = (
				EE3EBEAD2ACFB964008FBDAA /* TripPlanningView.swift */,
				EE8F63F62AD44D6A008A36A2 /* TransitionDetailView.swift */,
				EE8F63E02ACFDE09008A36A2 /* MainView.swift */,
				EE8F63E22ACFDE3F008A36A2 /* MapView.swift */,
				EE8F640B2AD59879008A36A2 /* StopAnnotationDetailView.swift */,
				EE8F63EA2ACFE35D008A36A2 /* HistoryRoutesView.swift */,
				EE8F63E42ACFDE58008A36A2 /* SettingView.swift */,
			);
			path = View;
			sourceTree = "<group>";
		};
		EE3EBEDE2ACFC342008FBDAA /* ViewModel */ = {
			isa = PBXGroup;
			children = (
				EE8F63E82ACFE166008A36A2 /* MapViewModel.swift */,
				EEB11BC22AD8C83300802F7E /* HistoryRouteViewModel.swift */,
				EE8F63EC2AD0465D008A36A2 /* TripPlanningViewModel.swift */,
				EE8F63FA2AD50200008A36A2 /* TransitDetailViewModel.swift */,
				EEB11BBE2AD78B3700802F7E /* StopAnnotationDetailViewModel.swift */,
			);
			path = ViewModel;
			sourceTree = "<group>";
		};
/* End PBXGroup section */

/* Begin PBXNativeTarget section */
		EE3EBEA72ACFB964008FBDAA /* EasyRoutes NSW */ = {
			isa = PBXNativeTarget;
			buildConfigurationList = EE3EBED22ACFB965008FBDAA /* Build configuration list for PBXNativeTarget "EasyRoutes NSW" */;
			buildPhases = (
				2FB93ABF21F5949CF009B473 /* [CP] Check Pods Manifest.lock */,
				EE3EBEA42ACFB964008FBDAA /* Sources */,
				EE3EBEA52ACFB964008FBDAA /* Frameworks */,
				EE3EBEA62ACFB964008FBDAA /* Resources */,
				6849DDA48458D787CF91E2F2 /* [CP] Embed Pods Frameworks */,
			);
			buildRules = (
			);
			dependencies = (
			);
			name = "EasyRoutes NSW";
			packageProductDependencies = (
			);
			productName = "EasyRoutes NSW";
			productReference = EE3EBEA82ACFB964008FBDAA /* EasyRoutes NSW.app */;
			productType = "com.apple.product-type.application";
		};
		EE3EBEBD2ACFB965008FBDAA /* EasyRoutes NSWTests */ = {
			isa = PBXNativeTarget;
			buildConfigurationList = EE3EBED52ACFB965008FBDAA /* Build configuration list for PBXNativeTarget "EasyRoutes NSWTests" */;
			buildPhases = (
				EE3EBEBA2ACFB965008FBDAA /* Sources */,
				EE3EBEBB2ACFB965008FBDAA /* Frameworks */,
				EE3EBEBC2ACFB965008FBDAA /* Resources */,
			);
			buildRules = (
			);
			dependencies = (
				EE3EBEC02ACFB965008FBDAA /* PBXTargetDependency */,
			);
			name = "EasyRoutes NSWTests";
			productName = "EasyRoutes NSWTests";
			productReference = EE3EBEBE2ACFB965008FBDAA /* EasyRoutes NSWTests.xctest */;
			productType = "com.apple.product-type.bundle.unit-test";
		};
		EE3EBEC72ACFB965008FBDAA /* EasyRoutes NSWUITests */ = {
			isa = PBXNativeTarget;
			buildConfigurationList = EE3EBED82ACFB965008FBDAA /* Build configuration list for PBXNativeTarget "EasyRoutes NSWUITests" */;
			buildPhases = (
				EE3EBEC42ACFB965008FBDAA /* Sources */,
				EE3EBEC52ACFB965008FBDAA /* Frameworks */,
				EE3EBEC62ACFB965008FBDAA /* Resources */,
			);
			buildRules = (
			);
			dependencies = (
				EE3EBECA2ACFB965008FBDAA /* PBXTargetDependency */,
			);
			name = "EasyRoutes NSWUITests";
			productName = "EasyRoutes NSWUITests";
			productReference = EE3EBEC82ACFB965008FBDAA /* EasyRoutes NSWUITests.xctest */;
			productType = "com.apple.product-type.bundle.ui-testing";
		};
/* End PBXNativeTarget section */

/* Begin PBXProject section */
		EE3EBEA02ACFB964008FBDAA /* Project object */ = {
			isa = PBXProject;
			attributes = {
				BuildIndependentTargetsInParallel = 1;
				LastSwiftUpdateCheck = 1430;
				LastUpgradeCheck = 1430;
				TargetAttributes = {
					EE3EBEA72ACFB964008FBDAA = {
						CreatedOnToolsVersion = 14.3.1;
					};
					EE3EBEBD2ACFB965008FBDAA = {
						CreatedOnToolsVersion = 14.3.1;
						TestTargetID = EE3EBEA72ACFB964008FBDAA;
					};
					EE3EBEC72ACFB965008FBDAA = {
						CreatedOnToolsVersion = 14.3.1;
						TestTargetID = EE3EBEA72ACFB964008FBDAA;
					};
				};
			};
			buildConfigurationList = EE3EBEA32ACFB964008FBDAA /* Build configuration list for PBXProject "EasyRoutes NSW" */;
			compatibilityVersion = "Xcode 14.0";
			developmentRegion = en;
			hasScannedForEncodings = 0;
			knownRegions = (
				en,
				Base,
			);
			mainGroup = EE3EBE9F2ACFB964008FBDAA;
			packageReferences = (
			);
			productRefGroup = EE3EBEA92ACFB964008FBDAA /* Products */;
			projectDirPath = "";
			projectRoot = "";
			targets = (
				EE3EBEA72ACFB964008FBDAA /* EasyRoutes NSW */,
				EE3EBEBD2ACFB965008FBDAA /* EasyRoutes NSWTests */,
				EE3EBEC72ACFB965008FBDAA /* EasyRoutes NSWUITests */,
			);
		};
/* End PBXProject section */

/* Begin PBXResourcesBuildPhase section */
		EE3EBEA62ACFB964008FBDAA /* Resources */ = {
			isa = PBXResourcesBuildPhase;
			buildActionMask = 2147483647;
			files = (
				EE8F63FF2AD50A25008A36A2 /* .gitignore in Resources */,
				EE3EBEB32ACFB965008FBDAA /* Preview Assets.xcassets in Resources */,
				EE8F63F52AD3CA59008A36A2 /* JasonTest.json in Resources */,
				EE3EBEB02ACFB965008FBDAA /* Assets.xcassets in Resources */,
			);
			runOnlyForDeploymentPostprocessing = 0;
		};
		EE3EBEBC2ACFB965008FBDAA /* Resources */ = {
			isa = PBXResourcesBuildPhase;
			buildActionMask = 2147483647;
			files = (
			);
			runOnlyForDeploymentPostprocessing = 0;
		};
		EE3EBEC62ACFB965008FBDAA /* Resources */ = {
			isa = PBXResourcesBuildPhase;
			buildActionMask = 2147483647;
			files = (
			);
			runOnlyForDeploymentPostprocessing = 0;
		};
/* End PBXResourcesBuildPhase section */

/* Begin PBXShellScriptBuildPhase section */
		2FB93ABF21F5949CF009B473 /* [CP] Check Pods Manifest.lock */ = {
			isa = PBXShellScriptBuildPhase;
			buildActionMask = 2147483647;
			files = (
			);
			inputFileListPaths = (
			);
			inputPaths = (
				"${PODS_PODFILE_DIR_PATH}/Podfile.lock",
				"${PODS_ROOT}/Manifest.lock",
			);
			name = "[CP] Check Pods Manifest.lock";
			outputFileListPaths = (
			);
			outputPaths = (
				"$(DERIVED_FILE_DIR)/Pods-EasyRoutes NSW-checkManifestLockResult.txt",
			);
			runOnlyForDeploymentPostprocessing = 0;
			shellPath = /bin/sh;
			shellScript = "diff \"${PODS_PODFILE_DIR_PATH}/Podfile.lock\" \"${PODS_ROOT}/Manifest.lock\" > /dev/null\nif [ $? != 0 ] ; then\n    # print error to STDERR\n    echo \"error: The sandbox is not in sync with the Podfile.lock. Run 'pod install' or update your CocoaPods installation.\" >&2\n    exit 1\nfi\n# This output is used by Xcode 'outputs' to avoid re-running this script phase.\necho \"SUCCESS\" > \"${SCRIPT_OUTPUT_FILE_0}\"\n";
			showEnvVarsInLog = 0;
		};
		6849DDA48458D787CF91E2F2 /* [CP] Embed Pods Frameworks */ = {
			isa = PBXShellScriptBuildPhase;
			buildActionMask = 2147483647;
			files = (
			);
			inputFileListPaths = (
				"${PODS_ROOT}/Target Support Files/Pods-EasyRoutes NSW/Pods-EasyRoutes NSW-frameworks-${CONFIGURATION}-input-files.xcfilelist",
			);
			name = "[CP] Embed Pods Frameworks";
			outputFileListPaths = (
				"${PODS_ROOT}/Target Support Files/Pods-EasyRoutes NSW/Pods-EasyRoutes NSW-frameworks-${CONFIGURATION}-output-files.xcfilelist",
			);
			runOnlyForDeploymentPostprocessing = 0;
			shellPath = /bin/sh;
			shellScript = "\"${PODS_ROOT}/Target Support Files/Pods-EasyRoutes NSW/Pods-EasyRoutes NSW-frameworks.sh\"\n";
			showEnvVarsInLog = 0;
		};
/* End PBXShellScriptBuildPhase section */

/* Begin PBXSourcesBuildPhase section */
		EE3EBEA42ACFB964008FBDAA /* Sources */ = {
			isa = PBXSourcesBuildPhase;
			buildActionMask = 2147483647;
			files = (
				EE3EBEB52ACFB965008FBDAA /* Persistence.swift in Sources */,
				EE8F63E32ACFDE3F008A36A2 /* MapView.swift in Sources */,
				EE8F63F72AD44D6A008A36A2 /* TransitionDetailView.swift in Sources */,
				EE8F640C2AD59879008A36A2 /* StopAnnotationDetailView.swift in Sources */,
				EE8F63F32AD3B06C008A36A2 /* SensitiveInfo.swift in Sources */,
				EE8F63ED2AD0465D008A36A2 /* TripPlanningViewModel.swift in Sources */,
				EE8F63EB2ACFE35D008A36A2 /* HistoryRoutesView.swift in Sources */,
				EE8F63EF2AD39B1D008A36A2 /* GoogleMapServiceManager.swift in Sources */,
				EEB11BC32AD8C83300802F7E /* HistoryRouteViewModel.swift in Sources */,
				EE3EBEAE2ACFB964008FBDAA /* TripPlanningView.swift in Sources */,
				EE8F63E52ACFDE58008A36A2 /* SettingView.swift in Sources */,
				EE8F63F12AD3A351008A36A2 /* Route.swift in Sources */,
				EE8F640A2AD5934D008A36A2 /* StopAnnotation.swift in Sources */,
				EE3EBEB82ACFB965008FBDAA /* EasyRoutes_NSW.xcdatamodeld in Sources */,
				EE8F64032AD53CA2008A36A2 /* UserLocationManager.swift in Sources */,
				EE8F63FB2AD50200008A36A2 /* TransitDetailViewModel.swift in Sources */,
				EE3EBEAC2ACFB964008FBDAA /* EasyRoutes_NSWApp.swift in Sources */,
				EE8F63F92AD4548E008A36A2 /* RouteRecord.swift in Sources */,
				EE0E27052ADA4663001FA12F /* AppSettings.swift in Sources */,
				EE8F63E12ACFDE09008A36A2 /* MainView.swift in Sources */,
				EE8F63E92ACFE166008A36A2 /* MapViewModel.swift in Sources */,
				EEB11BBF2AD78B3700802F7E /* StopAnnotationDetailViewModel.swift in Sources */,
			);
			runOnlyForDeploymentPostprocessing = 0;
		};
		EE3EBEBA2ACFB965008FBDAA /* Sources */ = {
			isa = PBXSourcesBuildPhase;
			buildActionMask = 2147483647;
			files = (
			);
			runOnlyForDeploymentPostprocessing = 0;
		};
		EE3EBEC42ACFB965008FBDAA /* Sources */ = {
			isa = PBXSourcesBuildPhase;
			buildActionMask = 2147483647;
			files = (
			);
			runOnlyForDeploymentPostprocessing = 0;
		};
/* End PBXSourcesBuildPhase section */

/* Begin PBXTargetDependency section */
		EE3EBEC02ACFB965008FBDAA /* PBXTargetDependency */ = {
			isa = PBXTargetDependency;
			target = EE3EBEA72ACFB964008FBDAA /* EasyRoutes NSW */;
			targetProxy = EE3EBEBF2ACFB965008FBDAA /* PBXContainerItemProxy */;
		};
		EE3EBECA2ACFB965008FBDAA /* PBXTargetDependency */ = {
			isa = PBXTargetDependency;
			target = EE3EBEA72ACFB964008FBDAA /* EasyRoutes NSW */;
			targetProxy = EE3EBEC92ACFB965008FBDAA /* PBXContainerItemProxy */;
		};
/* End PBXTargetDependency section */

/* Begin XCBuildConfiguration section */
		EE3EBED02ACFB965008FBDAA /* Debug */ = {
			isa = XCBuildConfiguration;
			buildSettings = {
				ALWAYS_SEARCH_USER_PATHS = NO;
				CLANG_ANALYZER_NONNULL = YES;
				CLANG_ANALYZER_NUMBER_OBJECT_CONVERSION = YES_AGGRESSIVE;
				CLANG_CXX_LANGUAGE_STANDARD = "gnu++20";
				CLANG_ENABLE_MODULES = YES;
				CLANG_ENABLE_OBJC_ARC = YES;
				CLANG_ENABLE_OBJC_WEAK = YES;
				CLANG_WARN_BLOCK_CAPTURE_AUTORELEASING = YES;
				CLANG_WARN_BOOL_CONVERSION = YES;
				CLANG_WARN_COMMA = YES;
				CLANG_WARN_CONSTANT_CONVERSION = YES;
				CLANG_WARN_DEPRECATED_OBJC_IMPLEMENTATIONS = YES;
				CLANG_WARN_DIRECT_OBJC_ISA_USAGE = YES_ERROR;
				CLANG_WARN_DOCUMENTATION_COMMENTS = YES;
				CLANG_WARN_EMPTY_BODY = YES;
				CLANG_WARN_ENUM_CONVERSION = YES;
				CLANG_WARN_INFINITE_RECURSION = YES;
				CLANG_WARN_INT_CONVERSION = YES;
				CLANG_WARN_NON_LITERAL_NULL_CONVERSION = YES;
				CLANG_WARN_OBJC_IMPLICIT_RETAIN_SELF = YES;
				CLANG_WARN_OBJC_LITERAL_CONVERSION = YES;
				CLANG_WARN_OBJC_ROOT_CLASS = YES_ERROR;
				CLANG_WARN_QUOTED_INCLUDE_IN_FRAMEWORK_HEADER = YES;
				CLANG_WARN_RANGE_LOOP_ANALYSIS = YES;
				CLANG_WARN_STRICT_PROTOTYPES = YES;
				CLANG_WARN_SUSPICIOUS_MOVE = YES;
				CLANG_WARN_UNGUARDED_AVAILABILITY = YES_AGGRESSIVE;
				CLANG_WARN_UNREACHABLE_CODE = YES;
				CLANG_WARN__DUPLICATE_METHOD_MATCH = YES;
				COPY_PHASE_STRIP = NO;
				DEBUG_INFORMATION_FORMAT = dwarf;
				ENABLE_STRICT_OBJC_MSGSEND = YES;
				ENABLE_TESTABILITY = YES;
				GCC_C_LANGUAGE_STANDARD = gnu11;
				GCC_DYNAMIC_NO_PIC = NO;
				GCC_NO_COMMON_BLOCKS = YES;
				GCC_OPTIMIZATION_LEVEL = 0;
				GCC_PREPROCESSOR_DEFINITIONS = (
					"DEBUG=1",
					"$(inherited)",
				);
				GCC_WARN_64_TO_32_BIT_CONVERSION = YES;
				GCC_WARN_ABOUT_RETURN_TYPE = YES_ERROR;
				GCC_WARN_UNDECLARED_SELECTOR = YES;
				GCC_WARN_UNINITIALIZED_AUTOS = YES_AGGRESSIVE;
				GCC_WARN_UNUSED_FUNCTION = YES;
				GCC_WARN_UNUSED_VARIABLE = YES;
				IPHONEOS_DEPLOYMENT_TARGET = 16.4;
				MTL_ENABLE_DEBUG_INFO = INCLUDE_SOURCE;
				MTL_FAST_MATH = YES;
				ONLY_ACTIVE_ARCH = YES;
				SDKROOT = iphoneos;
				SWIFT_ACTIVE_COMPILATION_CONDITIONS = DEBUG;
				SWIFT_OPTIMIZATION_LEVEL = "-Onone";
			};
			name = Debug;
		};
		EE3EBED12ACFB965008FBDAA /* Release */ = {
			isa = XCBuildConfiguration;
			buildSettings = {
				ALWAYS_SEARCH_USER_PATHS = NO;
				CLANG_ANALYZER_NONNULL = YES;
				CLANG_ANALYZER_NUMBER_OBJECT_CONVERSION = YES_AGGRESSIVE;
				CLANG_CXX_LANGUAGE_STANDARD = "gnu++20";
				CLANG_ENABLE_MODULES = YES;
				CLANG_ENABLE_OBJC_ARC = YES;
				CLANG_ENABLE_OBJC_WEAK = YES;
				CLANG_WARN_BLOCK_CAPTURE_AUTORELEASING = YES;
				CLANG_WARN_BOOL_CONVERSION = YES;
				CLANG_WARN_COMMA = YES;
				CLANG_WARN_CONSTANT_CONVERSION = YES;
				CLANG_WARN_DEPRECATED_OBJC_IMPLEMENTATIONS = YES;
				CLANG_WARN_DIRECT_OBJC_ISA_USAGE = YES_ERROR;
				CLANG_WARN_DOCUMENTATION_COMMENTS = YES;
				CLANG_WARN_EMPTY_BODY = YES;
				CLANG_WARN_ENUM_CONVERSION = YES;
				CLANG_WARN_INFINITE_RECURSION = YES;
				CLANG_WARN_INT_CONVERSION = YES;
				CLANG_WARN_NON_LITERAL_NULL_CONVERSION = YES;
				CLANG_WARN_OBJC_IMPLICIT_RETAIN_SELF = YES;
				CLANG_WARN_OBJC_LITERAL_CONVERSION = YES;
				CLANG_WARN_OBJC_ROOT_CLASS = YES_ERROR;
				CLANG_WARN_QUOTED_INCLUDE_IN_FRAMEWORK_HEADER = YES;
				CLANG_WARN_RANGE_LOOP_ANALYSIS = YES;
				CLANG_WARN_STRICT_PROTOTYPES = YES;
				CLANG_WARN_SUSPICIOUS_MOVE = YES;
				CLANG_WARN_UNGUARDED_AVAILABILITY = YES_AGGRESSIVE;
				CLANG_WARN_UNREACHABLE_CODE = YES;
				CLANG_WARN__DUPLICATE_METHOD_MATCH = YES;
				COPY_PHASE_STRIP = NO;
				DEBUG_INFORMATION_FORMAT = "dwarf-with-dsym";
				ENABLE_NS_ASSERTIONS = NO;
				ENABLE_STRICT_OBJC_MSGSEND = YES;
				GCC_C_LANGUAGE_STANDARD = gnu11;
				GCC_NO_COMMON_BLOCKS = YES;
				GCC_WARN_64_TO_32_BIT_CONVERSION = YES;
				GCC_WARN_ABOUT_RETURN_TYPE = YES_ERROR;
				GCC_WARN_UNDECLARED_SELECTOR = YES;
				GCC_WARN_UNINITIALIZED_AUTOS = YES_AGGRESSIVE;
				GCC_WARN_UNUSED_FUNCTION = YES;
				GCC_WARN_UNUSED_VARIABLE = YES;
				IPHONEOS_DEPLOYMENT_TARGET = 16.4;
				MTL_ENABLE_DEBUG_INFO = NO;
				MTL_FAST_MATH = YES;
				SDKROOT = iphoneos;
				SWIFT_COMPILATION_MODE = wholemodule;
				SWIFT_OPTIMIZATION_LEVEL = "-O";
				VALIDATE_PRODUCT = YES;
			};
			name = Release;
		};
		EE3EBED32ACFB965008FBDAA /* Debug */ = {
			isa = XCBuildConfiguration;
			baseConfigurationReference = 353BB033B2F3D788BFD7AA32 /* Pods-EasyRoutes NSW.debug.xcconfig */;
			buildSettings = {
				ASSETCATALOG_COMPILER_APPICON_NAME = AppIcon;
				ASSETCATALOG_COMPILER_GLOBAL_ACCENT_COLOR_NAME = AccentColor;
				CODE_SIGN_ENTITLEMENTS = "EasyRoutes NSW/EasyRoutes NSW.entitlements";
				CODE_SIGN_STYLE = Automatic;
				CURRENT_PROJECT_VERSION = 1;
				DEVELOPMENT_ASSET_PATHS = "\"EasyRoutes NSW/Preview Content\"";
				DEVELOPMENT_TEAM = 37NUP3CV36;
				ENABLE_PREVIEWS = YES;
				GENERATE_INFOPLIST_FILE = YES;
				INFOPLIST_FILE = "EasyRoutes-NSW-Info.plist";
				INFOPLIST_KEY_NSLocationWhenInUseUsageDescription = "We need your location to provide you with accurate route information.";
				INFOPLIST_KEY_UIApplicationSceneManifest_Generation = YES;
				INFOPLIST_KEY_UIApplicationSupportsIndirectInputEvents = YES;
				INFOPLIST_KEY_UILaunchScreen_Generation = YES;
				INFOPLIST_KEY_UISupportedInterfaceOrientations = UIInterfaceOrientationPortrait;
				INFOPLIST_KEY_UISupportedInterfaceOrientations_iPad = "UIInterfaceOrientationLandscapeLeft UIInterfaceOrientationLandscapeRight UIInterfaceOrientationPortrait UIInterfaceOrientationPortraitUpsideDown";
				IPHONEOS_DEPLOYMENT_TARGET = 16.6;
				LD_RUNPATH_SEARCH_PATHS = (
					"$(inherited)",
					"@executable_path/Frameworks",
				);
				MARKETING_VERSION = 1.0;
				PRODUCT_BUNDLE_IDENTIFIER = AdvancedIOSProject.EasyRoutes;
				PRODUCT_NAME = "$(TARGET_NAME)";
				SWIFT_EMIT_LOC_STRINGS = YES;
				SWIFT_VERSION = 5.0;
				TARGETED_DEVICE_FAMILY = "1,2";
			};
			name = Debug;
		};
		EE3EBED42ACFB965008FBDAA /* Release */ = {
			isa = XCBuildConfiguration;
			baseConfigurationReference = 912BF7FCE317CF0D1E792BDF /* Pods-EasyRoutes NSW.release.xcconfig */;
			buildSettings = {
				ASSETCATALOG_COMPILER_APPICON_NAME = AppIcon;
				ASSETCATALOG_COMPILER_GLOBAL_ACCENT_COLOR_NAME = AccentColor;
				CODE_SIGN_ENTITLEMENTS = "EasyRoutes NSW/EasyRoutes NSW.entitlements";
				CODE_SIGN_STYLE = Automatic;
				CURRENT_PROJECT_VERSION = 1;
				DEVELOPMENT_ASSET_PATHS = "\"EasyRoutes NSW/Preview Content\"";
				DEVELOPMENT_TEAM = 37NUP3CV36;
				ENABLE_PREVIEWS = YES;
				GENERATE_INFOPLIST_FILE = YES;
				INFOPLIST_FILE = "EasyRoutes-NSW-Info.plist";
				INFOPLIST_KEY_NSLocationWhenInUseUsageDescription = "We need your location to provide you with accurate route information.";
				INFOPLIST_KEY_UIApplicationSceneManifest_Generation = YES;
				INFOPLIST_KEY_UIApplicationSupportsIndirectInputEvents = YES;
				INFOPLIST_KEY_UILaunchScreen_Generation = YES;
				INFOPLIST_KEY_UISupportedInterfaceOrientations = UIInterfaceOrientationPortrait;
				INFOPLIST_KEY_UISupportedInterfaceOrientations_iPad = "UIInterfaceOrientationLandscapeLeft UIInterfaceOrientationLandscapeRight UIInterfaceOrientationPortrait UIInterfaceOrientationPortraitUpsideDown";
				IPHONEOS_DEPLOYMENT_TARGET = 16.6;
				LD_RUNPATH_SEARCH_PATHS = (
					"$(inherited)",
					"@executable_path/Frameworks",
				);
				MARKETING_VERSION = 1.0;
				PRODUCT_BUNDLE_IDENTIFIER = AdvancedIOSProject.EasyRoutes;
				PRODUCT_NAME = "$(TARGET_NAME)";
				SWIFT_EMIT_LOC_STRINGS = YES;
				SWIFT_VERSION = 5.0;
				TARGETED_DEVICE_FAMILY = "1,2";
			};
			name = Release;
		};
		EE3EBED62ACFB965008FBDAA /* Debug */ = {
			isa = XCBuildConfiguration;
			buildSettings = {
				ALWAYS_EMBED_SWIFT_STANDARD_LIBRARIES = YES;
				BUNDLE_LOADER = "$(TEST_HOST)";
				CODE_SIGN_STYLE = Automatic;
				CURRENT_PROJECT_VERSION = 1;
				DEVELOPMENT_TEAM = GF884VD933;
				GENERATE_INFOPLIST_FILE = YES;
				IPHONEOS_DEPLOYMENT_TARGET = 16.6;
				MARKETING_VERSION = 1.0;
				PRODUCT_BUNDLE_IDENTIFIER = "AdvancedIOSProject1.EasyRoutes-NSWTests";
				PRODUCT_NAME = "$(TARGET_NAME)";
				SWIFT_EMIT_LOC_STRINGS = NO;
				SWIFT_VERSION = 5.0;
				TARGETED_DEVICE_FAMILY = "1,2";
				TEST_HOST = "$(BUILT_PRODUCTS_DIR)/EasyRoutes NSW.app/$(BUNDLE_EXECUTABLE_FOLDER_PATH)/EasyRoutes NSW";
			};
			name = Debug;
		};
		EE3EBED72ACFB965008FBDAA /* Release */ = {
			isa = XCBuildConfiguration;
			buildSettings = {
				ALWAYS_EMBED_SWIFT_STANDARD_LIBRARIES = YES;
				BUNDLE_LOADER = "$(TEST_HOST)";
				CODE_SIGN_STYLE = Automatic;
				CURRENT_PROJECT_VERSION = 1;
				DEVELOPMENT_TEAM = GF884VD933;
				GENERATE_INFOPLIST_FILE = YES;
				IPHONEOS_DEPLOYMENT_TARGET = 16.6;
				MARKETING_VERSION = 1.0;
				PRODUCT_BUNDLE_IDENTIFIER = "AdvancedIOSProject1.EasyRoutes-NSWTests";
				PRODUCT_NAME = "$(TARGET_NAME)";
				SWIFT_EMIT_LOC_STRINGS = NO;
				SWIFT_VERSION = 5.0;
				TARGETED_DEVICE_FAMILY = "1,2";
				TEST_HOST = "$(BUILT_PRODUCTS_DIR)/EasyRoutes NSW.app/$(BUNDLE_EXECUTABLE_FOLDER_PATH)/EasyRoutes NSW";
			};
			name = Release;
		};
		EE3EBED92ACFB965008FBDAA /* Debug */ = {
			isa = XCBuildConfiguration;
			buildSettings = {
				ALWAYS_EMBED_SWIFT_STANDARD_LIBRARIES = YES;
				CODE_SIGN_STYLE = Automatic;
				CURRENT_PROJECT_VERSION = 1;
				DEVELOPMENT_TEAM = GF884VD933;
				GENERATE_INFOPLIST_FILE = YES;
				MARKETING_VERSION = 1.0;
				PRODUCT_BUNDLE_IDENTIFIER = "AdvancedIOSProject1.EasyRoutes-NSWUITests";
				PRODUCT_NAME = "$(TARGET_NAME)";
				SWIFT_EMIT_LOC_STRINGS = NO;
				SWIFT_VERSION = 5.0;
				TARGETED_DEVICE_FAMILY = "1,2";
				TEST_TARGET_NAME = "EasyRoutes NSW";
			};
			name = Debug;
		};
		EE3EBEDA2ACFB965008FBDAA /* Release */ = {
			isa = XCBuildConfiguration;
			buildSettings = {
				ALWAYS_EMBED_SWIFT_STANDARD_LIBRARIES = YES;
				CODE_SIGN_STYLE = Automatic;
				CURRENT_PROJECT_VERSION = 1;
				DEVELOPMENT_TEAM = GF884VD933;
				GENERATE_INFOPLIST_FILE = YES;
				MARKETING_VERSION = 1.0;
				PRODUCT_BUNDLE_IDENTIFIER = "AdvancedIOSProject1.EasyRoutes-NSWUITests";
				PRODUCT_NAME = "$(TARGET_NAME)";
				SWIFT_EMIT_LOC_STRINGS = NO;
				SWIFT_VERSION = 5.0;
				TARGETED_DEVICE_FAMILY = "1,2";
				TEST_TARGET_NAME = "EasyRoutes NSW";
			};
			name = Release;
		};
/* End XCBuildConfiguration section */

/* Begin XCConfigurationList section */
		EE3EBEA32ACFB964008FBDAA /* Build configuration list for PBXProject "EasyRoutes NSW" */ = {
			isa = XCConfigurationList;
			buildConfigurations = (
				EE3EBED02ACFB965008FBDAA /* Debug */,
				EE3EBED12ACFB965008FBDAA /* Release */,
			);
			defaultConfigurationIsVisible = 0;
			defaultConfigurationName = Release;
		};
		EE3EBED22ACFB965008FBDAA /* Build configuration list for PBXNativeTarget "EasyRoutes NSW" */ = {
			isa = XCConfigurationList;
			buildConfigurations = (
				EE3EBED32ACFB965008FBDAA /* Debug */,
				EE3EBED42ACFB965008FBDAA /* Release */,
			);
			defaultConfigurationIsVisible = 0;
			defaultConfigurationName = Release;
		};
		EE3EBED52ACFB965008FBDAA /* Build configuration list for PBXNativeTarget "EasyRoutes NSWTests" */ = {
			isa = XCConfigurationList;
			buildConfigurations = (
				EE3EBED62ACFB965008FBDAA /* Debug */,
				EE3EBED72ACFB965008FBDAA /* Release */,
			);
			defaultConfigurationIsVisible = 0;
			defaultConfigurationName = Release;
		};
		EE3EBED82ACFB965008FBDAA /* Build configuration list for PBXNativeTarget "EasyRoutes NSWUITests" */ = {
			isa = XCConfigurationList;
			buildConfigurations = (
				EE3EBED92ACFB965008FBDAA /* Debug */,
				EE3EBEDA2ACFB965008FBDAA /* Release */,
			);
			defaultConfigurationIsVisible = 0;
			defaultConfigurationName = Release;
		};
/* End XCConfigurationList section */

/* Begin XCVersionGroup section */
		EE3EBEB62ACFB965008FBDAA /* EasyRoutes_NSW.xcdatamodeld */ = {
			isa = XCVersionGroup;
			children = (
				EE3EBEB72ACFB965008FBDAA /* EasyRoutes_NSW.xcdatamodel */,
			);
			currentVersion = EE3EBEB72ACFB965008FBDAA /* EasyRoutes_NSW.xcdatamodel */;
			path = EasyRoutes_NSW.xcdatamodeld;
			sourceTree = "<group>";
			versionGroupType = wrapper.xcdatamodel;
		};
/* End XCVersionGroup section */
	};
	rootObject = EE3EBEA02ACFB964008FBDAA /* Project object */;
}
